
Microsoft Visual Studio Solution File, Format Version 12.00
# Visual Studio 15
VisualStudioVersion = 15.0.28307.329
MinimumVisualStudioVersion = 10.0.40219.1
Project("{9A19103F-16F7-4668-BE54-9A1E7A4F7556}") = "netcoreTest", "netcoreTest\netcoreTest.csproj", "{B8CDCE5D-2113-46C7-88C4-78BCA38AB0C9}"
EndProject
Project("{9A19103F-16F7-4668-BE54-9A1E7A4F7556}") = "netCoreTest.core", "netCoreTest.core\netCoreTest.core.csproj", "{4BB78597-F3F3-4E24-AF54-2EE1097CAA2D}"
EndProject
Project("{2150E333-8FDC-42A3-9474-1A3956D46DE8}") = "ribbitMQ", "ribbitMQ", "{C48DE469-5225-41CC-BF38-0FE5F9D0904C}"
EndProject
Project("{9A19103F-16F7-4668-BE54-9A1E7A4F7556}") = "RibbitMQClient", "RibbitMQClient\RibbitMQClient.csproj", "{4C5A333E-0373-4B5E-A6A8-01C26D2E48E3}"
EndProject
Project("{9A19103F-16F7-4668-BE54-9A1E7A4F7556}") = "RibbitMQServer", "RibbitMQServer\RibbitMQServer.csproj", "{7956E3DE-6043-418C-9875-76785DCA6FBB}"
EndProject
Project("{2150E333-8FDC-42A3-9474-1A3956D46DE8}") = "OpenIdConnect", "OpenIdConnect", "{6019F007-5C57-4D56-9ED1-837AED37958E}"
EndProject
Project("{2150E333-8FDC-42A3-9474-1A3956D46DE8}") = "ConsulServer", "ConsulServer", "{A4391113-18F6-4AD8-A3BC-A8A8882B908A}"
EndProject
Project("{9A19103F-16F7-4668-BE54-9A1E7A4F7556}") = "IConsulServer", "IConsulServer\IConsulServer.csproj", "{D2382A5B-3918-42CA-9344-B5E606C5E53B}"
EndProject
Project("{9A19103F-16F7-4668-BE54-9A1E7A4F7556}") = "ConsulRegins", "ConsulRegins\ConsulRegins.csproj", "{BBA52633-DA99-4E53-817C-3AC83DCA164E}"
EndProject
Project("{9A19103F-16F7-4668-BE54-9A1E7A4F7556}") = "ConsulModels", "ConsulModels\ConsulModels.csproj", "{635F5BA1-5A21-4A11-A5BB-E92151366D7B}"
EndProject
Project("{9A19103F-16F7-4668-BE54-9A1E7A4F7556}") = "NetCoreBuild", "NetCoreBuild\NetCoreBuild.csproj", "{A3649884-AE8C-43A2-A923-A1BD62835346}"
EndProject
Project("{9A19103F-16F7-4668-BE54-9A1E7A4F7556}") = "ConsulClient", "ConsulClient\ConsulClient.csproj", "{1987E0CC-A529-436D-98F1-B225B4505529}"
EndProject
Project("{FAE04EC0-301F-11D3-BF4B-00C04F79EFBC}") = "RabbitMQHelper", "RabbitMQHelper\RabbitMQHelper.csproj", "{739C8F92-0786-4B8A-90E8-61C29F714D11}"
EndProject
Global
	GlobalSection(SolutionConfigurationPlatforms) = preSolution
		Debug|Any CPU = Debug|Any CPU
		Release|Any CPU = Release|Any CPU
	EndGlobalSection
	GlobalSection(ProjectConfigurationPlatforms) = postSolution
		{B8CDCE5D-2113-46C7-88C4-78BCA38AB0C9}.Debug|Any CPU.ActiveCfg = Debug|Any CPU
		{B8CDCE5D-2113-46C7-88C4-78BCA38AB0C9}.Debug|Any CPU.Build.0 = Debug|Any CPU
		{B8CDCE5D-2113-46C7-88C4-78BCA38AB0C9}.Release|Any CPU.ActiveCfg = Release|Any CPU
		{B8CDCE5D-2113-46C7-88C4-78BCA38AB0C9}.Release|Any CPU.Build.0 = Release|Any CPU
		{4BB78597-F3F3-4E24-AF54-2EE1097CAA2D}.Debug|Any CPU.ActiveCfg = Debug|Any CPU
		{4BB78597-F3F3-4E24-AF54-2EE1097CAA2D}.Debug|Any CPU.Build.0 = Debug|Any CPU
		{4BB78597-F3F3-4E24-AF54-2EE1097CAA2D}.Release|Any CPU.ActiveCfg = Release|Any CPU
		{4BB78597-F3F3-4E24-AF54-2EE1097CAA2D}.Release|Any CPU.Build.0 = Release|Any CPU
		{4C5A333E-0373-4B5E-A6A8-01C26D2E48E3}.Debug|Any CPU.ActiveCfg = Debug|Any CPU
		{4C5A333E-0373-4B5E-A6A8-01C26D2E48E3}.Debug|Any CPU.Build.0 = Debug|Any CPU
		{4C5A333E-0373-4B5E-A6A8-01C26D2E48E3}.Release|Any CPU.ActiveCfg = Release|Any CPU
		{4C5A333E-0373-4B5E-A6A8-01C26D2E48E3}.Release|Any CPU.Build.0 = Release|Any CPU
		{7956E3DE-6043-418C-9875-76785DCA6FBB}.Debug|Any CPU.ActiveCfg = Debug|Any CPU
		{7956E3DE-6043-418C-9875-76785DCA6FBB}.Debug|Any CPU.Build.0 = Debug|Any CPU
		{7956E3DE-6043-418C-9875-76785DCA6FBB}.Release|Any CPU.ActiveCfg = Release|Any CPU
		{7956E3DE-6043-418C-9875-76785DCA6FBB}.Release|Any CPU.Build.0 = Release|Any CPU
		{D2382A5B-3918-42CA-9344-B5E606C5E53B}.Debug|Any CPU.ActiveCfg = Debug|Any CPU
		{D2382A5B-3918-42CA-9344-B5E606C5E53B}.Debug|Any CPU.Build.0 = Debug|Any CPU
		{D2382A5B-3918-42CA-9344-B5E606C5E53B}.Release|Any CPU.ActiveCfg = Release|Any CPU
		{D2382A5B-3918-42CA-9344-B5E606C5E53B}.Release|Any CPU.Build.0 = Release|Any CPU
		{BBA52633-DA99-4E53-817C-3AC83DCA164E}.Debug|Any CPU.ActiveCfg = Debug|Any CPU
		{BBA52633-DA99-4E53-817C-3AC83DCA164E}.Debug|Any CPU.Build.0 = Debug|Any CPU
		{BBA52633-DA99-4E53-817C-3AC83DCA164E}.Release|Any CPU.ActiveCfg = Release|Any CPU
		{BBA52633-DA99-4E53-817C-3AC83DCA164E}.Release|Any CPU.Build.0 = Release|Any CPU
		{635F5BA1-5A21-4A11-A5BB-E92151366D7B}.Debug|Any CPU.ActiveCfg = Debug|Any CPU
		{635F5BA1-5A21-4A11-A5BB-E92151366D7B}.Debug|Any CPU.Build.0 = Debug|Any CPU
		{635F5BA1-5A21-4A11-A5BB-E92151366D7B}.Release|Any CPU.ActiveCfg = Release|Any CPU
		{635F5BA1-5A21-4A11-A5BB-E92151366D7B}.Release|Any CPU.Build.0 = Release|Any CPU
		{A3649884-AE8C-43A2-A923-A1BD62835346}.Debug|Any CPU.ActiveCfg = Debug|Any CPU
		{A3649884-AE8C-43A2-A923-A1BD62835346}.Debug|Any CPU.Build.0 = Debug|Any CPU
		{A3649884-AE8C-43A2-A923-A1BD62835346}.Release|Any CPU.ActiveCfg = Release|Any CPU
		{A3649884-AE8C-43A2-A923-A1BD62835346}.Release|Any CPU.Build.0 = Release|Any CPU
		{1987E0CC-A529-436D-98F1-B225B4505529}.Debug|Any CPU.ActiveCfg = Debug|Any CPU
		{1987E0CC-A529-436D-98F1-B225B4505529}.Debug|Any CPU.Build.0 = Debug|Any CPU
		{1987E0CC-A529-436D-98F1-B225B4505529}.Release|Any CPU.ActiveCfg = Release|Any CPU
		{1987E0CC-A529-436D-98F1-B225B4505529}.Release|Any CPU.Build.0 = Release|Any CPU
		{739C8F92-0786-4B8A-90E8-61C29F714D11}.Debug|Any CPU.ActiveCfg = Debug|Any CPU
		{739C8F92-0786-4B8A-90E8-61C29F714D11}.Debug|Any CPU.Build.0 = Debug|Any CPU
		{739C8F92-0786-4B8A-90E8-61C29F714D11}.Release|Any CPU.ActiveCfg = Release|Any CPU
		{739C8F92-0786-4B8A-90E8-61C29F714D11}.Release|Any CPU.Build.0 = Release|Any CPU
	EndGlobalSection
	GlobalSection(SolutionProperties) = preSolution
		HideSolutionNode = FALSE
	EndGlobalSection
	GlobalSection(NestedProjects) = preSolution
		{B8CDCE5D-2113-46C7-88C4-78BCA38AB0C9} = {C48DE469-5225-41CC-BF38-0FE5F9D0904C}
		{4BB78597-F3F3-4E24-AF54-2EE1097CAA2D} = {C48DE469-5225-41CC-BF38-0FE5F9D0904C}
		{4C5A333E-0373-4B5E-A6A8-01C26D2E48E3} = {C48DE469-5225-41CC-BF38-0FE5F9D0904C}
		{7956E3DE-6043-418C-9875-76785DCA6FBB} = {C48DE469-5225-41CC-BF38-0FE5F9D0904C}
		{A4391113-18F6-4AD8-A3BC-A8A8882B908A} = {6019F007-5C57-4D56-9ED1-837AED37958E}
		{D2382A5B-3918-42CA-9344-B5E606C5E53B} = {A4391113-18F6-4AD8-A3BC-A8A8882B908A}
		{BBA52633-DA99-4E53-817C-3AC83DCA164E} = {A4391113-18F6-4AD8-A3BC-A8A8882B908A}
		{635F5BA1-5A21-4A11-A5BB-E92151366D7B} = {A4391113-18F6-4AD8-A3BC-A8A8882B908A}
		{A3649884-AE8C-43A2-A923-A1BD62835346} = {A4391113-18F6-4AD8-A3BC-A8A8882B908A}
		{1987E0CC-A529-436D-98F1-B225B4505529} = {6019F007-5C57-4D56-9ED1-837AED37958E}
		{739C8F92-0786-4B8A-90E8-61C29F714D11} = {C48DE469-5225-41CC-BF38-0FE5F9D0904C}
	EndGlobalSection
	GlobalSection(ExtensibilityGlobals) = postSolution
		SolutionGuid = {57F387C0-FF5F-4530-AA7E-C649AEDE6DD5}
	EndGlobalSection
EndGlobal
