
Microsoft Visual Studio Solution File, Format Version 12.00
# Visual Studio Version 16
VisualStudioVersion = 16.0.28922.388
MinimumVisualStudioVersion = 10.0.40219.1
Project("{9A19103F-16F7-4668-BE54-9A1E7A4F7556}") = "netcoreTest", "netcoreTest\netcoreTest.csproj", "{B8CDCE5D-2113-46C7-88C4-78BCA38AB0C9}"
EndProject
Project("{9A19103F-16F7-4668-BE54-9A1E7A4F7556}") = "netCoreTest.core", "netCoreTest.core\netCoreTest.core.csproj", "{4BB78597-F3F3-4E24-AF54-2EE1097CAA2D}"
EndProject
Project("{2150E333-8FDC-42A3-9474-1A3956D46DE8}") = "ribbitMQ", "ribbitMQ", "{C48DE469-5225-41CC-BF38-0FE5F9D0904C}"
EndProject
Project("{9A19103F-16F7-4668-BE54-9A1E7A4F7556}") = "RibbitMQClient", "RibbitMQClient\RibbitMQClient.csproj", "{4C5A333E-0373-4B5E-A6A8-01C26D2E48E3}"
EndProject
Project("{9A19103F-16F7-4668-BE54-9A1E7A4F7556}") = "RibbitMQServer", "RibbitMQServer\RibbitMQServer.csproj", "{7956E3DE-6043-418C-9875-76785DCA6FBB}"
EndProject
Project("{2150E333-8FDC-42A3-9474-1A3956D46DE8}") = "OpenIdConnect", "OpenIdConnect", "{6019F007-5C57-4D56-9ED1-837AED37958E}"
EndProject
Project("{2150E333-8FDC-42A3-9474-1A3956D46DE8}") = "ConsulServer", "ConsulServer", "{A4391113-18F6-4AD8-A3BC-A8A8882B908A}"
EndProject
Project("{9A19103F-16F7-4668-BE54-9A1E7A4F7556}") = "IConsulServer", "IConsulServer\IConsulServer.csproj", "{D2382A5B-3918-42CA-9344-B5E606C5E53B}"
EndProject
Project("{9A19103F-16F7-4668-BE54-9A1E7A4F7556}") = "ConsulRegins", "ConsulRegins\ConsulRegins.csproj", "{BBA52633-DA99-4E53-817C-3AC83DCA164E}"
EndProject
Project("{9A19103F-16F7-4668-BE54-9A1E7A4F7556}") = "ConsulModels", "ConsulModels\ConsulModels.csproj", "{635F5BA1-5A21-4A11-A5BB-E92151366D7B}"
EndProject
Project("{9A19103F-16F7-4668-BE54-9A1E7A4F7556}") = "NetCoreBuild", "NetCoreBuild\NetCoreBuild.csproj", "{A3649884-AE8C-43A2-A923-A1BD62835346}"
EndProject
Project("{9A19103F-16F7-4668-BE54-9A1E7A4F7556}") = "ConsulClient", "ConsulClient\ConsulClient.csproj", "{1987E0CC-A529-436D-98F1-B225B4505529}"
EndProject
Project("{9A19103F-16F7-4668-BE54-9A1E7A4F7556}") = "RabbitMQHelper", "RabbitMQHelper\RabbitMQHelper.csproj", "{739C8F92-0786-4B8A-90E8-61C29F714D11}"
EndProject
Project("{9A19103F-16F7-4668-BE54-9A1E7A4F7556}") = "OcelotServerAPI", "OcelotServerAPI\OcelotServerAPI.csproj", "{ED295B7E-3E47-4052-ADBF-E32ABDACCC99}"
EndProject
Project("{2150E333-8FDC-42A3-9474-1A3956D46DE8}") = "IdentityAuth", "IdentityAuth", "{2C49F27C-8556-4203-A222-0476BE6CE542}"
EndProject
Project("{9A19103F-16F7-4668-BE54-9A1E7A4F7556}") = "IdentityServerAuth", "IdentityServerAuth\IdentityServerAuth.csproj", "{08C8A508-6C9D-48E9-9024-244747B1129E}"
EndProject
Project("{9A19103F-16F7-4668-BE54-9A1E7A4F7556}") = "Auth.IdentityServer", "Auth.IdentityServer\Auth.IdentityServer.csproj", "{5BEFCE41-7005-42DA-A3D4-38E40FAA51C1}"
EndProject
Project("{2150E333-8FDC-42A3-9474-1A3956D46DE8}") = "ELK", "ELK", "{13931B3A-1A5B-4173-B9F0-545DEF6001C8}"
EndProject
Project("{9A19103F-16F7-4668-BE54-9A1E7A4F7556}") = "ELK.Web", "ELK.Web\ELK.Web.csproj", "{1075A520-ABAD-4E2B-A3F3-54247AB1DDDC}"
EndProject
Project("{2150E333-8FDC-42A3-9474-1A3956D46DE8}") = "AutoFac", "AutoFac", "{82E12659-F24D-4FF9-A9EB-E9004F329A64}"
EndProject
Project("{9A19103F-16F7-4668-BE54-9A1E7A4F7556}") = "Web.AutoFac", "Web.AutoFac\Web.AutoFac.csproj", "{C0027DB8-CF28-4814-B96D-2A9779E696E0}"
EndProject
Project("{2150E333-8FDC-42A3-9474-1A3956D46DE8}") = "IServer", "IServer", "{C1D5BF52-5232-4742-AB45-AB4644FE4678}"
EndProject
Project("{2150E333-8FDC-42A3-9474-1A3956D46DE8}") = "Server", "Server", "{8CCEC6D1-5493-42B8-9947-57E19F0D39AA}"
EndProject
Project("{9A19103F-16F7-4668-BE54-9A1E7A4F7556}") = "Web.Iserver", "Web.Iserver\Web.Iserver.csproj", "{87F1726D-7C95-4E89-A57C-256B82140103}"
EndProject
Project("{9A19103F-16F7-4668-BE54-9A1E7A4F7556}") = "Web.Server", "Web.Server\Web.Server.csproj", "{103CA20D-F3B0-41D4-8D1D-B43247095508}"
EndProject
Project("{2150E333-8FDC-42A3-9474-1A3956D46DE8}") = "ElasticEearch", "ElasticEearch", "{CC6D4D37-38B7-4C11-8652-2921D842285F}"
EndProject
Project("{9A19103F-16F7-4668-BE54-9A1E7A4F7556}") = "Web.ElasticSearchHelper", "Web.ElasticSearchHelper\Web.ElasticSearchHelper.csproj", "{A461EC40-E289-4684-B53D-B2B1F501736A}"
EndProject
Project("{2150E333-8FDC-42A3-9474-1A3956D46DE8}") = "aspnetCore", "aspnetCore", "{32CDA931-6F7C-4ED9-ADE9-F536A9F33C06}"
EndProject
Project("{9A19103F-16F7-4668-BE54-9A1E7A4F7556}") = "netcoreModel", "Model\netcoreModel.csproj", "{177B1048-6FFE-48EF-B0A3-210BD4B6DBD2}"
EndProject
Project("{2150E333-8FDC-42A3-9474-1A3956D46DE8}") = "grpc", "grpc", "{7182CC22-CD69-474E-B79C-56258FC402FE}"
EndProject
Project("{FAE04EC0-301F-11D3-BF4B-00C04F79EFBC}") = "GrpcClient", "GrpcClient\GrpcClient.csproj", "{617F6D15-483A-4E09-B711-4120B33C5A6D}"
EndProject
Project("{FAE04EC0-301F-11D3-BF4B-00C04F79EFBC}") = "GrpcServer", "GrpcServer\GrpcServer.csproj", "{FB186FCB-EEAF-4C62-982B-D8A85912EE22}"
EndProject
Project("{FAE04EC0-301F-11D3-BF4B-00C04F79EFBC}") = "GrpcLibrary", "GrpcLibrary\GrpcLibrary.csproj", "{029DDD00-B388-4524-B543-25E7E1EF129C}"
EndProject
Global
	GlobalSection(SolutionConfigurationPlatforms) = preSolution
		Debug|Any CPU = Debug|Any CPU
		Release|Any CPU = Release|Any CPU
	EndGlobalSection
	GlobalSection(ProjectConfigurationPlatforms) = postSolution
		{B8CDCE5D-2113-46C7-88C4-78BCA38AB0C9}.Debug|Any CPU.ActiveCfg = Debug|Any CPU
		{B8CDCE5D-2113-46C7-88C4-78BCA38AB0C9}.Debug|Any CPU.Build.0 = Debug|Any CPU
		{B8CDCE5D-2113-46C7-88C4-78BCA38AB0C9}.Release|Any CPU.ActiveCfg = Release|Any CPU
		{B8CDCE5D-2113-46C7-88C4-78BCA38AB0C9}.Release|Any CPU.Build.0 = Release|Any CPU
		{4BB78597-F3F3-4E24-AF54-2EE1097CAA2D}.Debug|Any CPU.ActiveCfg = Debug|Any CPU
		{4BB78597-F3F3-4E24-AF54-2EE1097CAA2D}.Debug|Any CPU.Build.0 = Debug|Any CPU
		{4BB78597-F3F3-4E24-AF54-2EE1097CAA2D}.Release|Any CPU.ActiveCfg = Release|Any CPU
		{4BB78597-F3F3-4E24-AF54-2EE1097CAA2D}.Release|Any CPU.Build.0 = Release|Any CPU
		{4C5A333E-0373-4B5E-A6A8-01C26D2E48E3}.Debug|Any CPU.ActiveCfg = Debug|Any CPU
		{4C5A333E-0373-4B5E-A6A8-01C26D2E48E3}.Debug|Any CPU.Build.0 = Debug|Any CPU
		{4C5A333E-0373-4B5E-A6A8-01C26D2E48E3}.Release|Any CPU.ActiveCfg = Release|Any CPU
		{4C5A333E-0373-4B5E-A6A8-01C26D2E48E3}.Release|Any CPU.Build.0 = Release|Any CPU
		{7956E3DE-6043-418C-9875-76785DCA6FBB}.Debug|Any CPU.ActiveCfg = Debug|Any CPU
		{7956E3DE-6043-418C-9875-76785DCA6FBB}.Debug|Any CPU.Build.0 = Debug|Any CPU
		{7956E3DE-6043-418C-9875-76785DCA6FBB}.Release|Any CPU.ActiveCfg = Release|Any CPU
		{7956E3DE-6043-418C-9875-76785DCA6FBB}.Release|Any CPU.Build.0 = Release|Any CPU
		{D2382A5B-3918-42CA-9344-B5E606C5E53B}.Debug|Any CPU.ActiveCfg = Debug|Any CPU
		{D2382A5B-3918-42CA-9344-B5E606C5E53B}.Debug|Any CPU.Build.0 = Debug|Any CPU
		{D2382A5B-3918-42CA-9344-B5E606C5E53B}.Release|Any CPU.ActiveCfg = Release|Any CPU
		{D2382A5B-3918-42CA-9344-B5E606C5E53B}.Release|Any CPU.Build.0 = Release|Any CPU
		{BBA52633-DA99-4E53-817C-3AC83DCA164E}.Debug|Any CPU.ActiveCfg = Debug|Any CPU
		{BBA52633-DA99-4E53-817C-3AC83DCA164E}.Debug|Any CPU.Build.0 = Debug|Any CPU
		{BBA52633-DA99-4E53-817C-3AC83DCA164E}.Release|Any CPU.ActiveCfg = Release|Any CPU
		{BBA52633-DA99-4E53-817C-3AC83DCA164E}.Release|Any CPU.Build.0 = Release|Any CPU
		{635F5BA1-5A21-4A11-A5BB-E92151366D7B}.Debug|Any CPU.ActiveCfg = Debug|Any CPU
		{635F5BA1-5A21-4A11-A5BB-E92151366D7B}.Debug|Any CPU.Build.0 = Debug|Any CPU
		{635F5BA1-5A21-4A11-A5BB-E92151366D7B}.Release|Any CPU.ActiveCfg = Release|Any CPU
		{635F5BA1-5A21-4A11-A5BB-E92151366D7B}.Release|Any CPU.Build.0 = Release|Any CPU
		{A3649884-AE8C-43A2-A923-A1BD62835346}.Debug|Any CPU.ActiveCfg = Debug|Any CPU
		{A3649884-AE8C-43A2-A923-A1BD62835346}.Debug|Any CPU.Build.0 = Debug|Any CPU
		{A3649884-AE8C-43A2-A923-A1BD62835346}.Release|Any CPU.ActiveCfg = Release|Any CPU
		{A3649884-AE8C-43A2-A923-A1BD62835346}.Release|Any CPU.Build.0 = Release|Any CPU
		{1987E0CC-A529-436D-98F1-B225B4505529}.Debug|Any CPU.ActiveCfg = Debug|Any CPU
		{1987E0CC-A529-436D-98F1-B225B4505529}.Debug|Any CPU.Build.0 = Debug|Any CPU
		{1987E0CC-A529-436D-98F1-B225B4505529}.Release|Any CPU.ActiveCfg = Release|Any CPU
		{1987E0CC-A529-436D-98F1-B225B4505529}.Release|Any CPU.Build.0 = Release|Any CPU
		{739C8F92-0786-4B8A-90E8-61C29F714D11}.Debug|Any CPU.ActiveCfg = Debug|Any CPU
		{739C8F92-0786-4B8A-90E8-61C29F714D11}.Debug|Any CPU.Build.0 = Debug|Any CPU
		{739C8F92-0786-4B8A-90E8-61C29F714D11}.Release|Any CPU.ActiveCfg = Release|Any CPU
		{739C8F92-0786-4B8A-90E8-61C29F714D11}.Release|Any CPU.Build.0 = Release|Any CPU
		{ED295B7E-3E47-4052-ADBF-E32ABDACCC99}.Debug|Any CPU.ActiveCfg = Debug|Any CPU
		{ED295B7E-3E47-4052-ADBF-E32ABDACCC99}.Debug|Any CPU.Build.0 = Debug|Any CPU
		{ED295B7E-3E47-4052-ADBF-E32ABDACCC99}.Release|Any CPU.ActiveCfg = Release|Any CPU
		{ED295B7E-3E47-4052-ADBF-E32ABDACCC99}.Release|Any CPU.Build.0 = Release|Any CPU
		{08C8A508-6C9D-48E9-9024-244747B1129E}.Debug|Any CPU.ActiveCfg = Debug|Any CPU
		{08C8A508-6C9D-48E9-9024-244747B1129E}.Debug|Any CPU.Build.0 = Debug|Any CPU
		{08C8A508-6C9D-48E9-9024-244747B1129E}.Release|Any CPU.ActiveCfg = Release|Any CPU
		{08C8A508-6C9D-48E9-9024-244747B1129E}.Release|Any CPU.Build.0 = Release|Any CPU
		{5BEFCE41-7005-42DA-A3D4-38E40FAA51C1}.Debug|Any CPU.ActiveCfg = Debug|Any CPU
		{5BEFCE41-7005-42DA-A3D4-38E40FAA51C1}.Debug|Any CPU.Build.0 = Debug|Any CPU
		{5BEFCE41-7005-42DA-A3D4-38E40FAA51C1}.Release|Any CPU.ActiveCfg = Release|Any CPU
		{5BEFCE41-7005-42DA-A3D4-38E40FAA51C1}.Release|Any CPU.Build.0 = Release|Any CPU
		{1075A520-ABAD-4E2B-A3F3-54247AB1DDDC}.Debug|Any CPU.ActiveCfg = Debug|Any CPU
		{1075A520-ABAD-4E2B-A3F3-54247AB1DDDC}.Debug|Any CPU.Build.0 = Debug|Any CPU
		{1075A520-ABAD-4E2B-A3F3-54247AB1DDDC}.Release|Any CPU.ActiveCfg = Release|Any CPU
		{1075A520-ABAD-4E2B-A3F3-54247AB1DDDC}.Release|Any CPU.Build.0 = Release|Any CPU
		{C0027DB8-CF28-4814-B96D-2A9779E696E0}.Debug|Any CPU.ActiveCfg = Debug|Any CPU
		{C0027DB8-CF28-4814-B96D-2A9779E696E0}.Debug|Any CPU.Build.0 = Debug|Any CPU
		{C0027DB8-CF28-4814-B96D-2A9779E696E0}.Release|Any CPU.ActiveCfg = Release|Any CPU
		{C0027DB8-CF28-4814-B96D-2A9779E696E0}.Release|Any CPU.Build.0 = Release|Any CPU
		{87F1726D-7C95-4E89-A57C-256B82140103}.Debug|Any CPU.ActiveCfg = Debug|Any CPU
		{87F1726D-7C95-4E89-A57C-256B82140103}.Debug|Any CPU.Build.0 = Debug|Any CPU
		{87F1726D-7C95-4E89-A57C-256B82140103}.Release|Any CPU.ActiveCfg = Release|Any CPU
		{87F1726D-7C95-4E89-A57C-256B82140103}.Release|Any CPU.Build.0 = Release|Any CPU
		{103CA20D-F3B0-41D4-8D1D-B43247095508}.Debug|Any CPU.ActiveCfg = Debug|Any CPU
		{103CA20D-F3B0-41D4-8D1D-B43247095508}.Debug|Any CPU.Build.0 = Debug|Any CPU
		{103CA20D-F3B0-41D4-8D1D-B43247095508}.Release|Any CPU.ActiveCfg = Release|Any CPU
		{103CA20D-F3B0-41D4-8D1D-B43247095508}.Release|Any CPU.Build.0 = Release|Any CPU
		{A461EC40-E289-4684-B53D-B2B1F501736A}.Debug|Any CPU.ActiveCfg = Debug|Any CPU
		{A461EC40-E289-4684-B53D-B2B1F501736A}.Debug|Any CPU.Build.0 = Debug|Any CPU
		{A461EC40-E289-4684-B53D-B2B1F501736A}.Release|Any CPU.ActiveCfg = Release|Any CPU
		{A461EC40-E289-4684-B53D-B2B1F501736A}.Release|Any CPU.Build.0 = Release|Any CPU
		{177B1048-6FFE-48EF-B0A3-210BD4B6DBD2}.Debug|Any CPU.ActiveCfg = Debug|Any CPU
		{177B1048-6FFE-48EF-B0A3-210BD4B6DBD2}.Debug|Any CPU.Build.0 = Debug|Any CPU
		{177B1048-6FFE-48EF-B0A3-210BD4B6DBD2}.Release|Any CPU.ActiveCfg = Release|Any CPU
		{177B1048-6FFE-48EF-B0A3-210BD4B6DBD2}.Release|Any CPU.Build.0 = Release|Any CPU
		{617F6D15-483A-4E09-B711-4120B33C5A6D}.Debug|Any CPU.ActiveCfg = Debug|Any CPU
		{617F6D15-483A-4E09-B711-4120B33C5A6D}.Debug|Any CPU.Build.0 = Debug|Any CPU
		{617F6D15-483A-4E09-B711-4120B33C5A6D}.Release|Any CPU.ActiveCfg = Release|Any CPU
		{617F6D15-483A-4E09-B711-4120B33C5A6D}.Release|Any CPU.Build.0 = Release|Any CPU
		{FB186FCB-EEAF-4C62-982B-D8A85912EE22}.Debug|Any CPU.ActiveCfg = Debug|Any CPU
		{FB186FCB-EEAF-4C62-982B-D8A85912EE22}.Debug|Any CPU.Build.0 = Debug|Any CPU
		{FB186FCB-EEAF-4C62-982B-D8A85912EE22}.Release|Any CPU.ActiveCfg = Release|Any CPU
		{FB186FCB-EEAF-4C62-982B-D8A85912EE22}.Release|Any CPU.Build.0 = Release|Any CPU
		{029DDD00-B388-4524-B543-25E7E1EF129C}.Debug|Any CPU.ActiveCfg = Debug|Any CPU
		{029DDD00-B388-4524-B543-25E7E1EF129C}.Debug|Any CPU.Build.0 = Debug|Any CPU
		{029DDD00-B388-4524-B543-25E7E1EF129C}.Release|Any CPU.ActiveCfg = Release|Any CPU
		{029DDD00-B388-4524-B543-25E7E1EF129C}.Release|Any CPU.Build.0 = Release|Any CPU
	EndGlobalSection
	GlobalSection(SolutionProperties) = preSolution
		HideSolutionNode = FALSE
	EndGlobalSection
	GlobalSection(NestedProjects) = preSolution
		{B8CDCE5D-2113-46C7-88C4-78BCA38AB0C9} = {C48DE469-5225-41CC-BF38-0FE5F9D0904C}
		{4BB78597-F3F3-4E24-AF54-2EE1097CAA2D} = {C48DE469-5225-41CC-BF38-0FE5F9D0904C}
		{4C5A333E-0373-4B5E-A6A8-01C26D2E48E3} = {C48DE469-5225-41CC-BF38-0FE5F9D0904C}
		{7956E3DE-6043-418C-9875-76785DCA6FBB} = {C48DE469-5225-41CC-BF38-0FE5F9D0904C}
		{A4391113-18F6-4AD8-A3BC-A8A8882B908A} = {6019F007-5C57-4D56-9ED1-837AED37958E}
		{D2382A5B-3918-42CA-9344-B5E606C5E53B} = {A4391113-18F6-4AD8-A3BC-A8A8882B908A}
		{BBA52633-DA99-4E53-817C-3AC83DCA164E} = {A4391113-18F6-4AD8-A3BC-A8A8882B908A}
		{635F5BA1-5A21-4A11-A5BB-E92151366D7B} = {A4391113-18F6-4AD8-A3BC-A8A8882B908A}
		{A3649884-AE8C-43A2-A923-A1BD62835346} = {A4391113-18F6-4AD8-A3BC-A8A8882B908A}
		{1987E0CC-A529-436D-98F1-B225B4505529} = {6019F007-5C57-4D56-9ED1-837AED37958E}
		{739C8F92-0786-4B8A-90E8-61C29F714D11} = {C48DE469-5225-41CC-BF38-0FE5F9D0904C}
		{ED295B7E-3E47-4052-ADBF-E32ABDACCC99} = {6019F007-5C57-4D56-9ED1-837AED37958E}
		{2C49F27C-8556-4203-A222-0476BE6CE542} = {6019F007-5C57-4D56-9ED1-837AED37958E}
		{08C8A508-6C9D-48E9-9024-244747B1129E} = {2C49F27C-8556-4203-A222-0476BE6CE542}
		{5BEFCE41-7005-42DA-A3D4-38E40FAA51C1} = {2C49F27C-8556-4203-A222-0476BE6CE542}
		{1075A520-ABAD-4E2B-A3F3-54247AB1DDDC} = {13931B3A-1A5B-4173-B9F0-545DEF6001C8}
		{C0027DB8-CF28-4814-B96D-2A9779E696E0} = {82E12659-F24D-4FF9-A9EB-E9004F329A64}
		{87F1726D-7C95-4E89-A57C-256B82140103} = {C1D5BF52-5232-4742-AB45-AB4644FE4678}
		{103CA20D-F3B0-41D4-8D1D-B43247095508} = {8CCEC6D1-5493-42B8-9947-57E19F0D39AA}
		{A461EC40-E289-4684-B53D-B2B1F501736A} = {CC6D4D37-38B7-4C11-8652-2921D842285F}
		{177B1048-6FFE-48EF-B0A3-210BD4B6DBD2} = {32CDA931-6F7C-4ED9-ADE9-F536A9F33C06}
		{617F6D15-483A-4E09-B711-4120B33C5A6D} = {7182CC22-CD69-474E-B79C-56258FC402FE}
		{FB186FCB-EEAF-4C62-982B-D8A85912EE22} = {7182CC22-CD69-474E-B79C-56258FC402FE}
		{029DDD00-B388-4524-B543-25E7E1EF129C} = {7182CC22-CD69-474E-B79C-56258FC402FE}
	EndGlobalSection
	GlobalSection(ExtensibilityGlobals) = postSolution
		SolutionGuid = {57F387C0-FF5F-4530-AA7E-C649AEDE6DD5}
	EndGlobalSection
EndGlobal
